<?xml version="1.0" encoding="utf-8"?>
<Project ToolsVersion="4.0" xmlns="http://schemas.microsoft.com/developer/msbuild/2003">
  <ItemGroup>
    <Filter Include="Source Files">
      <UniqueIdentifier>{4FC737F1-C7A5-4376-A066-2A32D752A2FF}</UniqueIdentifier>
      <Extensions>cpp;c;cc;cxx;c++;cppm;ixx;def;odl;idl;hpj;bat;asm;asmx</Extensions>
    </Filter>
    <Filter Include="Header Files">
      <UniqueIdentifier>{93995380-89BD-4b04-88EB-625FBE52EBFB}</UniqueIdentifier>
      <Extensions>h;hh;hpp;hxx;h++;hm;inl;inc;ipp;xsd</Extensions>
    </Filter>
    <Filter Include="Resource Files">
      <UniqueIdentifier>{67DA6AB6-F800-4c08-8B7A-83BB121AAD01}</UniqueIdentifier>
      <Extensions>rc;ico;cur;bmp;dlg;rc2;rct;bin;rgs;gif;jpg;jpeg;jpe;resx;tiff;tif;png;wav;mfcribbon-ms</Extensions>
    </Filter>
    <Filter Include="Source Files\src">
      <UniqueIdentifier>{dfc63b6c-09aa-4759-9ad8-86eca007fb4f}</UniqueIdentifier>
    </Filter>
    <Filter Include="Source Files\include">
      <UniqueIdentifier>{452a8d2a-e3d3-4734-a286-afc2285d382a}</UniqueIdentifier>
    </Filter>
    <Filter Include="Source Files\assets">
      <UniqueIdentifier>{164d64bf-1c1b-47d4-9691-7ad4c91f34dd}</UniqueIdentifier>
    </Filter>
  </ItemGroup>
  <ItemGroup>
    <ClCompile Include="Aniamtion.cpp">
      <Filter>Source Files\src</Filter>
    </ClCompile>
    <ClCompile Include="DrawMap.cpp">
      <Filter>Source Files\src</Filter>
    </ClCompile>
    <ClCompile Include="ConvertSketch.cpp">
      <Filter>Source Files\src</Filter>
    </ClCompile>
    <ClCompile Include="Enemy.cpp">
      <Filter>Source Files\src</Filter>
    </ClCompile>
    <ClCompile Include="Koopa.cpp">
      <Filter>Source Files\src</Filter>
    </ClCompile>
    <ClCompile Include="Goomba.cpp">
      <Filter>Source Files\src</Filter>
    </ClCompile>
    <ClCompile Include="Main.cpp">
      <Filter>Source Files\src</Filter>
    </ClCompile>
    <ClCompile Include="MapCollision.cpp">
      <Filter>Source Files\src</Filter>
    </ClCompile>
    <ClCompile Include="MapManager.cpp">
      <Filter>Source Files\src</Filter>
    </ClCompile>
    <ClCompile Include="Mario.cpp">
      <Filter>Source Files\src</Filter>
    </ClCompile>
    <ClCompile Include="Mushroom.cpp">
      <Filter>Source Files\src</Filter>
    </ClCompile>
  </ItemGroup>
  <ItemGroup>
    <ClInclude Include="Animation.hpp">
      <Filter>Source Files\include</Filter>
    </ClInclude>
    <ClInclude Include="ConvertSketch.hpp">
      <Filter>Source Files\include</Filter>
    </ClInclude>
    <ClInclude Include="DrawMap.hpp">
      <Filter>Source Files\include</Filter>
    </ClInclude>
    <ClInclude Include="Enemy.hpp">
      <Filter>Source Files\include</Filter>
    </ClInclude>
    <ClInclude Include="Global.hpp">
      <Filter>Source Files\include</Filter>
    </ClInclude>
    <ClInclude Include="Goomba.hpp">
      <Filter>Source Files\include</Filter>
    </ClInclude>
    <ClInclude Include="Koopa.hpp">
      <Filter>Source Files\include</Filter>
    </ClInclude>
    <ClInclude Include="MapCollision.hpp">
      <Filter>Source Files\include</Filter>
    </ClInclude>
    <ClInclude Include="MapManager.hpp">
      <Filter>Source Files\include</Filter>
    </ClInclude>
    <ClInclude Include="Mario.hpp">
      <Filter>Source Files\include</Filter>
    </ClInclude>
    <ClInclude Include="Mushroom.hpp">
      <Filter>Source Files\include</Filter>
    </ClInclude>
    <ClInclude Include="TextManager.hpp">
      <Filter>Source Files\include</Filter>
    </ClInclude>
  </ItemGroup>
  <ItemGroup>
    <Image Include="mario.png">
      <Filter>Source Files\assets</Filter>
    </Image>
    <Image Include="MarioBrake.png">
      <Filter>Source Files\assets</Filter>
    </Image>
    <Image Include="BigMarioBrake.png">
      <Filter>Source Files\assets</Filter>
    </Image>
    <Image Include="BigMarioCrouch.png">
      <Filter>Source Files\assets</Filter>
    </Image>
    <Image Include="BigMarioDeath.png">
      <Filter>Source Files\assets</Filter>
    </Image>
    <Image Include="BigMarioIdle.png">
      <Filter>Source Files\assets</Filter>
    </Image>
    <Image Include="BigMarioJump.png">
      <Filter>Source Files\assets</Filter>
    </Image>
    <Image Include="BigMarioWalk.png">
      <Filter>Source Files\assets</Filter>
    </Image>
    <Image Include="block.png">
      <Filter>Source Files\assets</Filter>
    </Image>
    <Image Include="Coin.png">
      <Filter>Source Files\assets</Filter>
    </Image>
    <Image Include="flag.png">
      <Filter>Source Files\assets</Filter>
    </Image>
    <Image Include="GoombaDeath.png">
      <Filter>Source Files\assets</Filter>
    </Image>
    <Image Include="GoombaDeath0.png">
      <Filter>Source Files\assets</Filter>
    </Image>
    <Image Include="GoombaDeath1.png">
      <Filter>Source Files\assets</Filter>
    </Image>
    <Image Include="GoombaWalk.png">
      <Filter>Source Files\assets</Filter>
    </Image>
    <Image Include="KoopaDeath.png">
      <Filter>Source Files\assets</Filter>
    </Image>
    <Image Include="KoopaGetOut.png">
      <Filter>Source Files\assets</Filter>
    </Image>
    <Image Include="KoopaShell.png">
      <Filter>Source Files\assets</Filter>
    </Image>
    <Image Include="KoopaWalk.png">
      <Filter>Source Files\assets</Filter>
    </Image>
    <Image Include="LevelSketch0.png">
      <Filter>Source Files\assets</Filter>
    </Image>
    <Image Include="LevelSketch1.png">
      <Filter>Source Files\assets</Filter>
    </Image>
    <Image Include="Map.png">
      <Filter>Source Files\assets</Filter>
    </Image>
    <Image Include="MapSketch.png">
      <Filter>Source Files\assets</Filter>
    </Image>
    <Image Include="UndergroundKoopaWalk.png">
      <Filter>Source Files\assets</Filter>
    </Image>
    <Image Include="MarioDeath.png">
      <Filter>Source Files\assets</Filter>
    </Image>
    <Image Include="MarioIdle.png">
      <Filter>Source Files\assets</Filter>
    </Image>
    <Image Include="MarioJump.png">
      <Filter>Source Files\assets</Filter>
    </Image>
    <Image Include="MarioWalk.png">
      <Filter>Source Files\assets</Filter>
    </Image>
    <Image Include="Mushroom.png">
      <Filter>Source Files\assets</Filter>
    </Image>
    <Image Include="QuestionBlock.png">
      <Filter>Source Files\assets</Filter>
    </Image>
    <Image Include="UndergroundGoombaDeath0.png">
      <Filter>Source Files\assets</Filter>
    </Image>
    <Image Include="UndergroundGoombaDeath1.png">
      <Filter>Source Files\assets</Filter>
    </Image>
    <Image Include="UndergroundGoombaWalk.png">
      <Filter>Source Files\assets</Filter>
    </Image>
    <Image Include="UndergroundKoopaDeath.png">
      <Filter>Source Files\assets</Filter>
    </Image>
    <Image Include="UndergroundKoopaGetOut.png">
      <Filter>Source Files\assets</Filter>
    </Image>
    <Image Include="UndergroundKoopaShell.png">
      <Filter>Source Files\assets</Filter>
    </Image>
  </ItemGroup>
  <ItemGroup>
    <Media Include="coin.wav">
      <Filter>Source Files\assets</Filter>
    </Media>
    <Media Include="death.wav">
      <Filter>Source Files\assets</Filter>
    </Media>
  </ItemGroup>
</Project>